
Microsoft Visual Studio Solution File, Format Version 12.00
# Visual Studio Version 17
VisualStudioVersion = 17.2.32519.379
MinimumVisualStudioVersion = 10.0.40219.1
Project("{2150E333-8FDC-42A3-9474-1A3956D46DE8}") = "Src", "Src", "{2515403F-35B3-4E25-9F47-D67E5748CBF6}"
EndProject
Project("{2150E333-8FDC-42A3-9474-1A3956D46DE8}") = "ApiGateWay", "ApiGateWay", "{6C31BC3A-1616-4BD8-8A46-1CFABE7C6896}"
EndProject
Project("{2150E333-8FDC-42A3-9474-1A3956D46DE8}") = "Services", "Services", "{94CC3B08-7296-435A-94D9-F75A8513A96D}"
EndProject
Project("{9A19103F-16F7-4668-BE54-9A1E7A4F7556}") = "ThePlayList.Work", "ThePlayList.Work\ThePlayList.Work.csproj", "{C8EBFB1D-9390-4EEB-B40A-847292EBF833}"
EndProject
Project("{2150E333-8FDC-42A3-9474-1A3956D46DE8}") = "Work", "Work", "{5163BE20-A86E-4BA5-B926-A44337AE25EA}"
EndProject
Project("{2150E333-8FDC-42A3-9474-1A3956D46DE8}") = "Worker", "Worker", "{0BB17A90-98E3-4356-B717-E3FC055CB2C9}"
EndProject
Project("{2150E333-8FDC-42A3-9474-1A3956D46DE8}") = "Common", "Common", "{9E450FD5-75C3-492D-958B-6AF87EEBA20E}"
EndProject
Project("{9A19103F-16F7-4668-BE54-9A1E7A4F7556}") = "EventBusRabbitMQ", "EventBusRabbitMQ\EventBusRabbitMQ.csproj", "{AAFA882B-7C4F-4954-83C2-EB7EB03E89CD}"
EndProject
Project("{9A19103F-16F7-4668-BE54-9A1E7A4F7556}") = "WorkerService", "WorkerService\WorkerService.csproj", "{B7393A47-1097-41DF-B532-CCE87C41DF79}"
EndProject
Project("{2150E333-8FDC-42A3-9474-1A3956D46DE8}") = "Solution Items", "Solution Items", "{DFC71A44-AC68-4806-B6B5-998401728983}"
	ProjectSection(SolutionItems) = preProject
		.editorconfig = .editorconfig
	EndProjectSection
EndProject
Global
	GlobalSection(SolutionConfigurationPlatforms) = preSolution
		Debug|Any CPU = Debug|Any CPU
		Release|Any CPU = Release|Any CPU
	EndGlobalSection
	GlobalSection(ProjectConfigurationPlatforms) = postSolution
		{C8EBFB1D-9390-4EEB-B40A-847292EBF833}.Debug|Any CPU.ActiveCfg = Debug|Any CPU
		{C8EBFB1D-9390-4EEB-B40A-847292EBF833}.Debug|Any CPU.Build.0 = Debug|Any CPU
		{C8EBFB1D-9390-4EEB-B40A-847292EBF833}.Release|Any CPU.ActiveCfg = Release|Any CPU
		{C8EBFB1D-9390-4EEB-B40A-847292EBF833}.Release|Any CPU.Build.0 = Release|Any CPU
		{AAFA882B-7C4F-4954-83C2-EB7EB03E89CD}.Debug|Any CPU.ActiveCfg = Debug|Any CPU
		{AAFA882B-7C4F-4954-83C2-EB7EB03E89CD}.Debug|Any CPU.Build.0 = Debug|Any CPU
		{AAFA882B-7C4F-4954-83C2-EB7EB03E89CD}.Release|Any CPU.ActiveCfg = Release|Any CPU
		{AAFA882B-7C4F-4954-83C2-EB7EB03E89CD}.Release|Any CPU.Build.0 = Release|Any CPU
		{B7393A47-1097-41DF-B532-CCE87C41DF79}.Debug|Any CPU.ActiveCfg = Debug|Any CPU
		{B7393A47-1097-41DF-B532-CCE87C41DF79}.Debug|Any CPU.Build.0 = Debug|Any CPU
		{B7393A47-1097-41DF-B532-CCE87C41DF79}.Release|Any CPU.ActiveCfg = Release|Any CPU
		{B7393A47-1097-41DF-B532-CCE87C41DF79}.Release|Any CPU.Build.0 = Release|Any CPU
	EndGlobalSection
	GlobalSection(SolutionProperties) = preSolution
		HideSolutionNode = FALSE
	EndGlobalSection
	GlobalSection(NestedProjects) = preSolution
		{6C31BC3A-1616-4BD8-8A46-1CFABE7C6896} = {2515403F-35B3-4E25-9F47-D67E5748CBF6}
		{94CC3B08-7296-435A-94D9-F75A8513A96D} = {2515403F-35B3-4E25-9F47-D67E5748CBF6}
		{C8EBFB1D-9390-4EEB-B40A-847292EBF833} = {5163BE20-A86E-4BA5-B926-A44337AE25EA}
		{5163BE20-A86E-4BA5-B926-A44337AE25EA} = {94CC3B08-7296-435A-94D9-F75A8513A96D}
		{0BB17A90-98E3-4356-B717-E3FC055CB2C9} = {94CC3B08-7296-435A-94D9-F75A8513A96D}
		{9E450FD5-75C3-492D-958B-6AF87EEBA20E} = {94CC3B08-7296-435A-94D9-F75A8513A96D}
		{AAFA882B-7C4F-4954-83C2-EB7EB03E89CD} = {9E450FD5-75C3-492D-958B-6AF87EEBA20E}
		{B7393A47-1097-41DF-B532-CCE87C41DF79} = {0BB17A90-98E3-4356-B717-E3FC055CB2C9}
	EndGlobalSection
	GlobalSection(ExtensibilityGlobals) = postSolution
		SolutionGuid = {CDFFBD43-E35C-403E-A7B8-B1492BB3BF36}
	EndGlobalSection
EndGlobal
